
Microsoft Visual Studio Solution File, Format Version 12.00
# Visual Studio Version 17
VisualStudioVersion = 17.9.34723.18
MinimumVisualStudioVersion = 10.0.40219.1
Project("{FAE04EC0-301F-11D3-BF4B-00C04F79EFBC}") = "SchedulerAppAPICore", "SchedulerAppAPICore.csproj", "{AB00A466-2AC7-4287-8036-EE79111BFFDC}"
EndProject
Global
	GlobalSection(SolutionConfigurationPlatforms) = preSolution
		Debug|Any CPU = Debug|Any CPU
		Release|Any CPU = Release|Any CPU
	EndGlobalSection
	GlobalSection(ProjectConfigurationPlatforms) = postSolution
		{AB00A466-2AC7-4287-8036-EE79111BFFDC}.Debug|Any CPU.ActiveCfg = Debug|Any CPU
		{AB00A466-2AC7-4287-8036-EE79111BFFDC}.Debug|Any CPU.Build.0 = Debug|Any CPU
		{AB00A466-2AC7-4287-8036-EE79111BFFDC}.Release|Any CPU.ActiveCfg = Release|Any CPU
		{AB00A466-2AC7-4287-8036-EE79111BFFDC}.Release|Any CPU.Build.0 = Release|Any CPU
	EndGlobalSection
	GlobalSection(SolutionProperties) = preSolution
		HideSolutionNode = FALSE
	EndGlobalSection
	GlobalSection(ExtensibilityGlobals) = postSolution
		SolutionGuid = {5E94696C-28FE-4DB3-89CC-F457B6058E05}
	EndGlobalSection
EndGlobal
